
Microsoft Visual Studio Solution File, Format Version 12.00
# Visual Studio Version 17
VisualStudioVersion = 17.13.35825.156
MinimumVisualStudioVersion = 10.0.40219.1
Project("{FAE04EC0-301F-11D3-BF4B-00C04F79EFBC}") = "Admin.UI", "Admin.UI\Admin.UI.csproj", "{8DADDCB4-11F7-4F9C-912B-86EEA89B44AB}"
EndProject
Project("{FAE04EC0-301F-11D3-BF4B-00C04F79EFBC}") = "Backend.API", "Backend.API\Backend.API.csproj", "{9CA46629-5DCE-4412-9D54-8248EF66427E}"
EndProject
Project("{FAE04EC0-301F-11D3-BF4B-00C04F79EFBC}") = "Shared.Models", "Shared.Models\Shared.Models.csproj", "{BC7662AF-1F28-49EF-88DD-3163D9012ABF}"
EndProject
Project("{FAE04EC0-301F-11D3-BF4B-00C04F79EFBC}") = "Customer.UI", "Customer.UI\Customer.UI.csproj", "{BCF0265F-BC6D-44C2-8F8D-47AF71EAC627}"
EndProject
Project("{2150E333-8FDC-42A3-9474-1A3956D46DE8}") = "Solution Items", "Solution Items", "{8EC462FD-D22E-90A8-E5CE-7E832BA40C5D}"
	ProjectSection(SolutionItems) = preProject
		docker-compose.yaml = docker-compose.yaml
	EndProjectSection
EndProject
Global
	GlobalSection(SolutionConfigurationPlatforms) = preSolution
		Debug|Any CPU = Debug|Any CPU
		Release|Any CPU = Release|Any CPU
	EndGlobalSection
	GlobalSection(ProjectConfigurationPlatforms) = postSolution
		{8DADDCB4-11F7-4F9C-912B-86EEA89B44AB}.Debug|Any CPU.ActiveCfg = Debug|Any CPU
		{8DADDCB4-11F7-4F9C-912B-86EEA89B44AB}.Debug|Any CPU.Build.0 = Debug|Any CPU
		{8DADDCB4-11F7-4F9C-912B-86EEA89B44AB}.Release|Any CPU.ActiveCfg = Release|Any CPU
		{8DADDCB4-11F7-4F9C-912B-86EEA89B44AB}.Release|Any CPU.Build.0 = Release|Any CPU
		{9CA46629-5DCE-4412-9D54-8248EF66427E}.Debug|Any CPU.ActiveCfg = Debug|Any CPU
		{9CA46629-5DCE-4412-9D54-8248EF66427E}.Debug|Any CPU.Build.0 = Debug|Any CPU
		{9CA46629-5DCE-4412-9D54-8248EF66427E}.Release|Any CPU.ActiveCfg = Release|Any CPU
		{9CA46629-5DCE-4412-9D54-8248EF66427E}.Release|Any CPU.Build.0 = Release|Any CPU
		{BC7662AF-1F28-49EF-88DD-3163D9012ABF}.Debug|Any CPU.ActiveCfg = Debug|Any CPU
		{BC7662AF-1F28-49EF-88DD-3163D9012ABF}.Debug|Any CPU.Build.0 = Debug|Any CPU
		{BC7662AF-1F28-49EF-88DD-3163D9012ABF}.Release|Any CPU.ActiveCfg = Release|Any CPU
		{BC7662AF-1F28-49EF-88DD-3163D9012ABF}.Release|Any CPU.Build.0 = Release|Any CPU
		{BCF0265F-BC6D-44C2-8F8D-47AF71EAC627}.Debug|Any CPU.ActiveCfg = Debug|Any CPU
		{BCF0265F-BC6D-44C2-8F8D-47AF71EAC627}.Debug|Any CPU.Build.0 = Debug|Any CPU
		{BCF0265F-BC6D-44C2-8F8D-47AF71EAC627}.Release|Any CPU.ActiveCfg = Release|Any CPU
		{BCF0265F-BC6D-44C2-8F8D-47AF71EAC627}.Release|Any CPU.Build.0 = Release|Any CPU
	EndGlobalSection
	GlobalSection(SolutionProperties) = preSolution
		HideSolutionNode = FALSE
	EndGlobalSection
	GlobalSection(ExtensibilityGlobals) = postSolution
		SolutionGuid = {AA538726-1CA3-4349-9FBF-D355E7D7CED0}
	EndGlobalSection
EndGlobal
